// !$*UTF8*$!
{
	archiveVersion = 1;
	classes = {
	};
	objectVersion = 50;
	objects = {

/* Begin PBXBuildFile section */
		07B9B75226C7729F005B9647 /* AppDelegate.m in Sources */ = {isa = PBXBuildFile; fileRef = 07B9B75126C7729F005B9647 /* AppDelegate.m */; };
		07B9B75526C7729F005B9647 /* SceneDelegate.m in Sources */ = {isa = PBXBuildFile; fileRef = 07B9B75426C7729F005B9647 /* SceneDelegate.m */; };
		07B9B75826C7729F005B9647 /* ViewController.m in Sources */ = {isa = PBXBuildFile; fileRef = 07B9B75726C7729F005B9647 /* ViewController.m */; };
		07B9B75B26C7729F005B9647 /* Main.storyboard in Resources */ = {isa = PBXBuildFile; fileRef = 07B9B75926C7729F005B9647 /* Main.storyboard */; };
		07B9B75D26C772A0005B9647 /* Assets.xcassets in Resources */ = {isa = PBXBuildFile; fileRef = 07B9B75C26C772A0005B9647 /* Assets.xcassets */; };
		07B9B76026C772A0005B9647 /* LaunchScreen.storyboard in Resources */ = {isa = PBXBuildFile; fileRef = 07B9B75E26C772A0005B9647 /* LaunchScreen.storyboard */; };
		07B9B76326C772A0005B9647 /* main.m in Sources */ = {isa = PBXBuildFile; fileRef = 07B9B76226C772A0005B9647 /* main.m */; };
		07B9B76D26C772A0005B9647 /* DIYCameraTests.m in Sources */ = {isa = PBXBuildFile; fileRef = 07B9B76C26C772A0005B9647 /* DIYCameraTests.m */; };
		07B9B77826C772A0005B9647 /* DIYCameraUITests.m in Sources */ = {isa = PBXBuildFile; fileRef = 07B9B77726C772A0005B9647 /* DIYCameraUITests.m */; };
		07B9B79826C77506005B9647 /* MyCamera.m in Sources */ = {isa = PBXBuildFile; fileRef = 07B9B79426C77506005B9647 /* MyCamera.m */; };
		07B9B79926C77506005B9647 /* DIYCameraViewController.m in Sources */ = {isa = PBXBuildFile; fileRef = 07B9B79726C77506005B9647 /* DIYCameraViewController.m */; };
		07B9B79E26C776A2005B9647 /* BaseViewController.m in Sources */ = {isa = PBXBuildFile; fileRef = 07B9B79C26C776A2005B9647 /* BaseViewController.m */; };
		07B9B7A526C7771D005B9647 /* WaterMarkView.m in Sources */ = {isa = PBXBuildFile; fileRef = 07B9B7A126C7771D005B9647 /* WaterMarkView.m */; };
		07B9B7A626C7771D005B9647 /* KMGestureRecognizer.m in Sources */ = {isa = PBXBuildFile; fileRef = 07B9B7A426C7771D005B9647 /* KMGestureRecognizer.m */; };
		07B9B7A926C777D9005B9647 /* UIView+Ex.m in Sources */ = {isa = PBXBuildFile; fileRef = 07B9B7A726C777D9005B9647 /* UIView+Ex.m */; };
		07B9B7AC26C77846005B9647 /* NSDate+Ex.m in Sources */ = {isa = PBXBuildFile; fileRef = 07B9B7AB26C77846005B9647 /* NSDate+Ex.m */; };
		07B9B7B026C77902005B9647 /* FileDirTools.m in Sources */ = {isa = PBXBuildFile; fileRef = 07B9B7AF26C77902005B9647 /* FileDirTools.m */; };
		07B9B7B326C77965005B9647 /* UIView+SLImage.m in Sources */ = {isa = PBXBuildFile; fileRef = 07B9B7B226C77965005B9647 /* UIView+SLImage.m */; };
		07B9B7B626C779A7005B9647 /* UIImage+DIYScale.m in Sources */ = {isa = PBXBuildFile; fileRef = 07B9B7B426C779A7005B9647 /* UIImage+DIYScale.m */; };
		1D9778503CF3556D8D58A6DF /* libPods-DIYCamera.a in Frameworks */ = {isa = PBXBuildFile; fileRef = D137680636E60BAE49B5803C /* libPods-DIYCamera.a */; };
/* End PBXBuildFile section */

/* Begin PBXContainerItemProxy section */
		07B9B76926C772A0005B9647 /* PBXContainerItemProxy */ = {
			isa = PBXContainerItemProxy;
			containerPortal = 07B9B74526C7729F005B9647 /* Project object */;
			proxyType = 1;
			remoteGlobalIDString = 07B9B74C26C7729F005B9647;
			remoteInfo = DIYCamera;
		};
		07B9B77426C772A0005B9647 /* PBXContainerItemProxy */ = {
			isa = PBXContainerItemProxy;
			containerPortal = 07B9B74526C7729F005B9647 /* Project object */;
			proxyType = 1;
			remoteGlobalIDString = 07B9B74C26C7729F005B9647;
			remoteInfo = DIYCamera;
		};
/* End PBXContainerItemProxy section */

/* Begin PBXFileReference section */
		07B9B74D26C7729F005B9647 /* DIYCamera.app */ = {isa = PBXFileReference; explicitFileType = wrapper.application; includeInIndex = 0; path = DIYCamera.app; sourceTree = BUILT_PRODUCTS_DIR; };
		07B9B75026C7729F005B9647 /* AppDelegate.h */ = {isa = PBXFileReference; lastKnownFileType = sourcecode.c.h; path = AppDelegate.h; sourceTree = "<group>"; };
		07B9B75126C7729F005B9647 /* AppDelegate.m */ = {isa = PBXFileReference; lastKnownFileType = sourcecode.c.objc; path = AppDelegate.m; sourceTree = "<group>"; };
		07B9B75326C7729F005B9647 /* SceneDelegate.h */ = {isa = PBXFileReference; lastKnownFileType = sourcecode.c.h; path = SceneDelegate.h; sourceTree = "<group>"; };
		07B9B75426C7729F005B9647 /* SceneDelegate.m */ = {isa = PBXFileReference; lastKnownFileType = sourcecode.c.objc; path = SceneDelegate.m; sourceTree = "<group>"; };
		07B9B75626C7729F005B9647 /* ViewController.h */ = {isa = PBXFileReference; lastKnownFileType = sourcecode.c.h; path = ViewController.h; sourceTree = "<group>"; };
		07B9B75726C7729F005B9647 /* ViewController.m */ = {isa = PBXFileReference; lastKnownFileType = sourcecode.c.objc; path = ViewController.m; sourceTree = "<group>"; };
		07B9B75A26C7729F005B9647 /* Base */ = {isa = PBXFileReference; lastKnownFileType = file.storyboard; name = Base; path = Base.lproj/Main.storyboard; sourceTree = "<group>"; };
		07B9B75C26C772A0005B9647 /* Assets.xcassets */ = {isa = PBXFileReference; lastKnownFileType = folder.assetcatalog; path = Assets.xcassets; sourceTree = "<group>"; };
		07B9B75F26C772A0005B9647 /* Base */ = {isa = PBXFileReference; lastKnownFileType = file.storyboard; name = Base; path = Base.lproj/LaunchScreen.storyboard; sourceTree = "<group>"; };
		07B9B76126C772A0005B9647 /* Info.plist */ = {isa = PBXFileReference; lastKnownFileType = text.plist.xml; path = Info.plist; sourceTree = "<group>"; };
		07B9B76226C772A0005B9647 /* main.m */ = {isa = PBXFileReference; lastKnownFileType = sourcecode.c.objc; path = main.m; sourceTree = "<group>"; };
		07B9B76826C772A0005B9647 /* DIYCameraTests.xctest */ = {isa = PBXFileReference; explicitFileType = wrapper.cfbundle; includeInIndex = 0; path = DIYCameraTests.xctest; sourceTree = BUILT_PRODUCTS_DIR; };
		07B9B76C26C772A0005B9647 /* DIYCameraTests.m */ = {isa = PBXFileReference; lastKnownFileType = sourcecode.c.objc; path = DIYCameraTests.m; sourceTree = "<group>"; };
		07B9B76E26C772A0005B9647 /* Info.plist */ = {isa = PBXFileReference; lastKnownFileType = text.plist.xml; path = Info.plist; sourceTree = "<group>"; };
		07B9B77326C772A0005B9647 /* DIYCameraUITests.xctest */ = {isa = PBXFileReference; explicitFileType = wrapper.cfbundle; includeInIndex = 0; path = DIYCameraUITests.xctest; sourceTree = BUILT_PRODUCTS_DIR; };
		07B9B77726C772A0005B9647 /* DIYCameraUITests.m */ = {isa = PBXFileReference; lastKnownFileType = sourcecode.c.objc; path = DIYCameraUITests.m; sourceTree = "<group>"; };
		07B9B77926C772A0005B9647 /* Info.plist */ = {isa = PBXFileReference; lastKnownFileType = text.plist.xml; path = Info.plist; sourceTree = "<group>"; };
		07B9B79426C77506005B9647 /* MyCamera.m */ = {isa = PBXFileReference; fileEncoding = 4; lastKnownFileType = sourcecode.c.objc; path = MyCamera.m; sourceTree = "<group>"; };
		07B9B79526C77506005B9647 /* MyCamera.h */ = {isa = PBXFileReference; fileEncoding = 4; lastKnownFileType = sourcecode.c.h; path = MyCamera.h; sourceTree = "<group>"; };
		07B9B79626C77506005B9647 /* DIYCameraViewController.h */ = {isa = PBXFileReference; fileEncoding = 4; lastKnownFileType = sourcecode.c.h; path = DIYCameraViewController.h; sourceTree = "<group>"; };
		07B9B79726C77506005B9647 /* DIYCameraViewController.m */ = {isa = PBXFileReference; fileEncoding = 4; lastKnownFileType = sourcecode.c.objc; path = DIYCameraViewController.m; sourceTree = "<group>"; };
		07B9B79A26C77537005B9647 /* Macro.h */ = {isa = PBXFileReference; fileEncoding = 4; lastKnownFileType = sourcecode.c.h; path = Macro.h; sourceTree = "<group>"; };
		07B9B79C26C776A2005B9647 /* BaseViewController.m */ = {isa = PBXFileReference; fileEncoding = 4; lastKnownFileType = sourcecode.c.objc; path = BaseViewController.m; sourceTree = "<group>"; };
		07B9B79D26C776A2005B9647 /* BaseViewController.h */ = {isa = PBXFileReference; fileEncoding = 4; lastKnownFileType = sourcecode.c.h; path = BaseViewController.h; sourceTree = "<group>"; };
		07B9B7A126C7771D005B9647 /* WaterMarkView.m */ = {isa = PBXFileReference; fileEncoding = 4; lastKnownFileType = sourcecode.c.objc; path = WaterMarkView.m; sourceTree = "<group>"; };
		07B9B7A226C7771D005B9647 /* KMGestureRecognizer.h */ = {isa = PBXFileReference; fileEncoding = 4; lastKnownFileType = sourcecode.c.h; path = KMGestureRecognizer.h; sourceTree = "<group>"; };
		07B9B7A326C7771D005B9647 /* WaterMarkView.h */ = {isa = PBXFileReference; fileEncoding = 4; lastKnownFileType = sourcecode.c.h; path = WaterMarkView.h; sourceTree = "<group>"; };
		07B9B7A426C7771D005B9647 /* KMGestureRecognizer.m */ = {isa = PBXFileReference; fileEncoding = 4; lastKnownFileType = sourcecode.c.objc; path = KMGestureRecognizer.m; sourceTree = "<group>"; };
		07B9B7A726C777D9005B9647 /* UIView+Ex.m */ = {isa = PBXFileReference; fileEncoding = 4; lastKnownFileType = sourcecode.c.objc; path = "UIView+Ex.m"; sourceTree = "<group>"; };
		07B9B7A826C777D9005B9647 /* UIView+Ex.h */ = {isa = PBXFileReference; fileEncoding = 4; lastKnownFileType = sourcecode.c.h; path = "UIView+Ex.h"; sourceTree = "<group>"; };
		07B9B7AA26C77846005B9647 /* NSDate+Ex.h */ = {isa = PBXFileReference; fileEncoding = 4; lastKnownFileType = sourcecode.c.h; path = "NSDate+Ex.h"; sourceTree = "<group>"; };
		07B9B7AB26C77846005B9647 /* NSDate+Ex.m */ = {isa = PBXFileReference; fileEncoding = 4; lastKnownFileType = sourcecode.c.objc; path = "NSDate+Ex.m"; sourceTree = "<group>"; };
		07B9B7AE26C77902005B9647 /* FileDirTools.h */ = {isa = PBXFileReference; fileEncoding = 4; lastKnownFileType = sourcecode.c.h; path = FileDirTools.h; sourceTree = "<group>"; };
		07B9B7AF26C77902005B9647 /* FileDirTools.m */ = {isa = PBXFileReference; fileEncoding = 4; lastKnownFileType = sourcecode.c.objc; path = FileDirTools.m; sourceTree = "<group>"; };
		07B9B7B126C77965005B9647 /* UIView+SLImage.h */ = {isa = PBXFileReference; fileEncoding = 4; lastKnownFileType = sourcecode.c.h; path = "UIView+SLImage.h"; sourceTree = "<group>"; };
		07B9B7B226C77965005B9647 /* UIView+SLImage.m */ = {isa = PBXFileReference; fileEncoding = 4; lastKnownFileType = sourcecode.c.objc; path = "UIView+SLImage.m"; sourceTree = "<group>"; };
		07B9B7B426C779A7005B9647 /* UIImage+DIYScale.m */ = {isa = PBXFileReference; fileEncoding = 4; lastKnownFileType = sourcecode.c.objc; path = "UIImage+DIYScale.m"; sourceTree = "<group>"; };
		07B9B7B526C779A7005B9647 /* UIImage+DIYScale.h */ = {isa = PBXFileReference; fileEncoding = 4; lastKnownFileType = sourcecode.c.h; path = "UIImage+DIYScale.h"; sourceTree = "<group>"; };
		91DF8FAFEDBE66C6F602F97E /* Pods-DIYCamera.release.xcconfig */ = {isa = PBXFileReference; includeInIndex = 1; lastKnownFileType = text.xcconfig; name = "Pods-DIYCamera.release.xcconfig"; path = "Target Support Files/Pods-DIYCamera/Pods-DIYCamera.release.xcconfig"; sourceTree = "<group>"; };
		A5C168F9B288DD03F075DADB /* Pods-DIYCamera.debug.xcconfig */ = {isa = PBXFileReference; includeInIndex = 1; lastKnownFileType = text.xcconfig; name = "Pods-DIYCamera.debug.xcconfig"; path = "Target Support Files/Pods-DIYCamera/Pods-DIYCamera.debug.xcconfig"; sourceTree = "<group>"; };
		D137680636E60BAE49B5803C /* libPods-DIYCamera.a */ = {isa = PBXFileReference; explicitFileType = archive.ar; includeInIndex = 0; path = "libPods-DIYCamera.a"; sourceTree = BUILT_PRODUCTS_DIR; };
/* End PBXFileReference section */

/* Begin PBXFrameworksBuildPhase section */
		07B9B74A26C7729F005B9647 /* Frameworks */ = {
			isa = PBXFrameworksBuildPhase;
			buildActionMask = 2147483647;
			files = (
				1D9778503CF3556D8D58A6DF /* libPods-DIYCamera.a in Frameworks */,
			);
			runOnlyForDeploymentPostprocessing = 0;
		};
		07B9B76526C772A0005B9647 /* Frameworks */ = {
			isa = PBXFrameworksBuildPhase;
			buildActionMask = 2147483647;
			files = (
			);
			runOnlyForDeploymentPostprocessing = 0;
		};
		07B9B77026C772A0005B9647 /* Frameworks */ = {
			isa = PBXFrameworksBuildPhase;
			buildActionMask = 2147483647;
			files = (
			);
			runOnlyForDeploymentPostprocessing = 0;
		};
/* End PBXFrameworksBuildPhase section */

/* Begin PBXGroup section */
		02EE39AD142147FD74EC2C97 /* Frameworks */ = {
			isa = PBXGroup;
			children = (
				D137680636E60BAE49B5803C /* libPods-DIYCamera.a */,
			);
			name = Frameworks;
			sourceTree = "<group>";
		};
		07B9B74426C7729F005B9647 = {
			isa = PBXGroup;
			children = (
				07B9B74F26C7729F005B9647 /* DIYCamera */,
				07B9B76B26C772A0005B9647 /* DIYCameraTests */,
				07B9B77626C772A0005B9647 /* DIYCameraUITests */,
				07B9B74E26C7729F005B9647 /* Products */,
				AA3DBA5A78A514ACCCA72DD1 /* Pods */,
				02EE39AD142147FD74EC2C97 /* Frameworks */,
			);
			sourceTree = "<group>";
		};
		07B9B74E26C7729F005B9647 /* Products */ = {
			isa = PBXGroup;
			children = (
				07B9B74D26C7729F005B9647 /* DIYCamera.app */,
				07B9B76826C772A0005B9647 /* DIYCameraTests.xctest */,
				07B9B77326C772A0005B9647 /* DIYCameraUITests.xctest */,
			);
			name = Products;
			sourceTree = "<group>";
		};
		07B9B74F26C7729F005B9647 /* DIYCamera */ = {
			isa = PBXGroup;
			children = (
				07B9B7AD26C77902005B9647 /* Tools */,
				07B9B79F26C7771D005B9647 /* ThirdPart */,
				07B9B79B26C776A2005B9647 /* BaseViewController */,
				07B9B78626C77430005B9647 /* Camera */,
				07B9B78726C77430005B9647 /* Common */,
				07B9B78526C77430005B9647 /* Utils */,
				07B9B75026C7729F005B9647 /* AppDelegate.h */,
				07B9B75126C7729F005B9647 /* AppDelegate.m */,
				07B9B75326C7729F005B9647 /* SceneDelegate.h */,
				07B9B75426C7729F005B9647 /* SceneDelegate.m */,
				07B9B75626C7729F005B9647 /* ViewController.h */,
				07B9B75726C7729F005B9647 /* ViewController.m */,
				07B9B75926C7729F005B9647 /* Main.storyboard */,
				07B9B75C26C772A0005B9647 /* Assets.xcassets */,
				07B9B75E26C772A0005B9647 /* LaunchScreen.storyboard */,
				07B9B76126C772A0005B9647 /* Info.plist */,
				07B9B76226C772A0005B9647 /* main.m */,
			);
			path = DIYCamera;
			sourceTree = "<group>";
		};
		07B9B76B26C772A0005B9647 /* DIYCameraTests */ = {
			isa = PBXGroup;
			children = (
				07B9B76C26C772A0005B9647 /* DIYCameraTests.m */,
				07B9B76E26C772A0005B9647 /* Info.plist */,
			);
			path = DIYCameraTests;
			sourceTree = "<group>";
		};
		07B9B77626C772A0005B9647 /* DIYCameraUITests */ = {
			isa = PBXGroup;
			children = (
				07B9B77726C772A0005B9647 /* DIYCameraUITests.m */,
				07B9B77926C772A0005B9647 /* Info.plist */,
			);
			path = DIYCameraUITests;
			sourceTree = "<group>";
		};
		07B9B78526C77430005B9647 /* Utils */ = {
			isa = PBXGroup;
			children = (
				07B9B7B526C779A7005B9647 /* UIImage+DIYScale.h */,
				07B9B7B426C779A7005B9647 /* UIImage+DIYScale.m */,
				07B9B7B126C77965005B9647 /* UIView+SLImage.h */,
				07B9B7B226C77965005B9647 /* UIView+SLImage.m */,
				07B9B7AA26C77846005B9647 /* NSDate+Ex.h */,
				07B9B7AB26C77846005B9647 /* NSDate+Ex.m */,
				07B9B7A826C777D9005B9647 /* UIView+Ex.h */,
				07B9B7A726C777D9005B9647 /* UIView+Ex.m */,
			);
			path = Utils;
			sourceTree = "<group>";
		};
		07B9B78626C77430005B9647 /* Camera */ = {
			isa = PBXGroup;
			children = (
				07B9B79326C77506005B9647 /* View */,
				07B9B79626C77506005B9647 /* DIYCameraViewController.h */,
				07B9B79726C77506005B9647 /* DIYCameraViewController.m */,
			);
			path = Camera;
			sourceTree = "<group>";
		};
		07B9B78726C77430005B9647 /* Common */ = {
			isa = PBXGroup;
			children = (
				07B9B79A26C77537005B9647 /* Macro.h */,
			);
			path = Common;
			sourceTree = "<group>";
		};
		07B9B79326C77506005B9647 /* View */ = {
			isa = PBXGroup;
			children = (
				07B9B79526C77506005B9647 /* MyCamera.h */,
				07B9B79426C77506005B9647 /* MyCamera.m */,
			);
			path = View;
			sourceTree = "<group>";
		};
		07B9B79B26C776A2005B9647 /* BaseViewController */ = {
			isa = PBXGroup;
			children = (
				07B9B79C26C776A2005B9647 /* BaseViewController.m */,
				07B9B79D26C776A2005B9647 /* BaseViewController.h */,
			);
			path = BaseViewController;
			sourceTree = "<group>";
		};
		07B9B79F26C7771D005B9647 /* ThirdPart */ = {
			isa = PBXGroup;
			children = (
				07B9B7A026C7771D005B9647 /* WaterMark */,
			);
			path = ThirdPart;
			sourceTree = "<group>";
		};
		07B9B7A026C7771D005B9647 /* WaterMark */ = {
			isa = PBXGroup;
			children = (
				07B9B7A126C7771D005B9647 /* WaterMarkView.m */,
				07B9B7A226C7771D005B9647 /* KMGestureRecognizer.h */,
				07B9B7A326C7771D005B9647 /* WaterMarkView.h */,
				07B9B7A426C7771D005B9647 /* KMGestureRecognizer.m */,
			);
			path = WaterMark;
			sourceTree = "<group>";
		};
		07B9B7AD26C77902005B9647 /* Tools */ = {
			isa = PBXGroup;
			children = (
				07B9B7AE26C77902005B9647 /* FileDirTools.h */,
				07B9B7AF26C77902005B9647 /* FileDirTools.m */,
			);
			path = Tools;
			sourceTree = "<group>";
		};
		AA3DBA5A78A514ACCCA72DD1 /* Pods */ = {
			isa = PBXGroup;
			children = (
				A5C168F9B288DD03F075DADB /* Pods-DIYCamera.debug.xcconfig */,
				91DF8FAFEDBE66C6F602F97E /* Pods-DIYCamera.release.xcconfig */,
			);
			path = Pods;
			sourceTree = "<group>";
		};
/* End PBXGroup section */

/* Begin PBXNativeTarget section */
		07B9B74C26C7729F005B9647 /* DIYCamera */ = {
			isa = PBXNativeTarget;
			buildConfigurationList = 07B9B77C26C772A0005B9647 /* Build configuration list for PBXNativeTarget "DIYCamera" */;
			buildPhases = (
				B9FF4A11CE6064123B8BED7F /* [CP] Check Pods Manifest.lock */,
				07B9B74926C7729F005B9647 /* Sources */,
				07B9B74A26C7729F005B9647 /* Frameworks */,
				07B9B74B26C7729F005B9647 /* Resources */,
			);
			buildRules = (
			);
			dependencies = (
			);
			name = DIYCamera;
			productName = DIYCamera;
			productReference = 07B9B74D26C7729F005B9647 /* DIYCamera.app */;
			productType = "com.apple.product-type.application";
		};
		07B9B76726C772A0005B9647 /* DIYCameraTests */ = {
			isa = PBXNativeTarget;
			buildConfigurationList = 07B9B77F26C772A0005B9647 /* Build configuration list for PBXNativeTarget "DIYCameraTests" */;
			buildPhases = (
				07B9B76426C772A0005B9647 /* Sources */,
				07B9B76526C772A0005B9647 /* Frameworks */,
				07B9B76626C772A0005B9647 /* Resources */,
			);
			buildRules = (
			);
			dependencies = (
				07B9B76A26C772A0005B9647 /* PBXTargetDependency */,
			);
			name = DIYCameraTests;
			productName = DIYCameraTests;
			productReference = 07B9B76826C772A0005B9647 /* DIYCameraTests.xctest */;
			productType = "com.apple.product-type.bundle.unit-test";
		};
		07B9B77226C772A0005B9647 /* DIYCameraUITests */ = {
			isa = PBXNativeTarget;
			buildConfigurationList = 07B9B78226C772A0005B9647 /* Build configuration list for PBXNativeTarget "DIYCameraUITests" */;
			buildPhases = (
				07B9B76F26C772A0005B9647 /* Sources */,
				07B9B77026C772A0005B9647 /* Frameworks */,
				07B9B77126C772A0005B9647 /* Resources */,
			);
			buildRules = (
			);
			dependencies = (
				07B9B77526C772A0005B9647 /* PBXTargetDependency */,
			);
			name = DIYCameraUITests;
			productName = DIYCameraUITests;
			productReference = 07B9B77326C772A0005B9647 /* DIYCameraUITests.xctest */;
			productType = "com.apple.product-type.bundle.ui-testing";
		};
/* End PBXNativeTarget section */

/* Begin PBXProject section */
		07B9B74526C7729F005B9647 /* Project object */ = {
			isa = PBXProject;
			attributes = {
				LastUpgradeCheck = 1250;
				TargetAttributes = {
					07B9B74C26C7729F005B9647 = {
						CreatedOnToolsVersion = 12.5.1;
					};
					07B9B76726C772A0005B9647 = {
						CreatedOnToolsVersion = 12.5.1;
						TestTargetID = 07B9B74C26C7729F005B9647;
					};
					07B9B77226C772A0005B9647 = {
						CreatedOnToolsVersion = 12.5.1;
						TestTargetID = 07B9B74C26C7729F005B9647;
					};
				};
			};
			buildConfigurationList = 07B9B74826C7729F005B9647 /* Build configuration list for PBXProject "DIYCamera" */;
			compatibilityVersion = "Xcode 9.3";
			developmentRegion = en;
			hasScannedForEncodings = 0;
			knownRegions = (
				en,
				Base,
			);
			mainGroup = 07B9B74426C7729F005B9647;
			productRefGroup = 07B9B74E26C7729F005B9647 /* Products */;
			projectDirPath = "";
			projectRoot = "";
			targets = (
				07B9B74C26C7729F005B9647 /* DIYCamera */,
				07B9B76726C772A0005B9647 /* DIYCameraTests */,
				07B9B77226C772A0005B9647 /* DIYCameraUITests */,
			);
		};
/* End PBXProject section */

/* Begin PBXResourcesBuildPhase section */
		07B9B74B26C7729F005B9647 /* Resources */ = {
			isa = PBXResourcesBuildPhase;
			buildActionMask = 2147483647;
			files = (
				07B9B76026C772A0005B9647 /* LaunchScreen.storyboard in Resources */,
				07B9B75D26C772A0005B9647 /* Assets.xcassets in Resources */,
				07B9B75B26C7729F005B9647 /* Main.storyboard in Resources */,
			);
			runOnlyForDeploymentPostprocessing = 0;
		};
		07B9B76626C772A0005B9647 /* Resources */ = {
			isa = PBXResourcesBuildPhase;
			buildActionMask = 2147483647;
			files = (
			);
			runOnlyForDeploymentPostprocessing = 0;
		};
		07B9B77126C772A0005B9647 /* Resources */ = {
			isa = PBXResourcesBuildPhase;
			buildActionMask = 2147483647;
			files = (
			);
			runOnlyForDeploymentPostprocessing = 0;
		};
/* End PBXResourcesBuildPhase section */

/* Begin PBXShellScriptBuildPhase section */
		B9FF4A11CE6064123B8BED7F /* [CP] Check Pods Manifest.lock */ = {
			isa = PBXShellScriptBuildPhase;
			buildActionMask = 2147483647;
			files = (
			);
			inputFileListPaths = (
			);
			inputPaths = (
				"${PODS_PODFILE_DIR_PATH}/Podfile.lock",
				"${PODS_ROOT}/Manifest.lock",
			);
			name = "[CP] Check Pods Manifest.lock";
			outputFileListPaths = (
			);
			outputPaths = (
				"$(DERIVED_FILE_DIR)/Pods-DIYCamera-checkManifestLockResult.txt",
			);
			runOnlyForDeploymentPostprocessing = 0;
			shellPath = /bin/sh;
			shellScript = "diff \"${PODS_PODFILE_DIR_PATH}/Podfile.lock\" \"${PODS_ROOT}/Manifest.lock\" > /dev/null\nif [ $? != 0 ] ; then\n    # print error to STDERR\n    echo \"error: The sandbox is not in sync with the Podfile.lock. Run 'pod install' or update your CocoaPods installation.\" >&2\n    exit 1\nfi\n# This output is used by Xcode 'outputs' to avoid re-running this script phase.\necho \"SUCCESS\" > \"${SCRIPT_OUTPUT_FILE_0}\"\n";
			showEnvVarsInLog = 0;
		};
/* End PBXShellScriptBuildPhase section */

/* Begin PBXSourcesBuildPhase section */
		07B9B74926C7729F005B9647 /* Sources */ = {
			isa = PBXSourcesBuildPhase;
			buildActionMask = 2147483647;
			files = (
				07B9B7AC26C77846005B9647 /* NSDate+Ex.m in Sources */,
				07B9B7B026C77902005B9647 /* FileDirTools.m in Sources */,
				07B9B7B626C779A7005B9647 /* UIImage+DIYScale.m in Sources */,
				07B9B75826C7729F005B9647 /* ViewController.m in Sources */,
				07B9B7A626C7771D005B9647 /* KMGestureRecognizer.m in Sources */,
				07B9B75226C7729F005B9647 /* AppDelegate.m in Sources */,
				07B9B76326C772A0005B9647 /* main.m in Sources */,
				07B9B7A526C7771D005B9647 /* WaterMarkView.m in Sources */,
				07B9B7A926C777D9005B9647 /* UIView+Ex.m in Sources */,
				07B9B75526C7729F005B9647 /* SceneDelegate.m in Sources */,
				07B9B7B326C77965005B9647 /* UIView+SLImage.m in Sources */,
				07B9B79826C77506005B9647 /* MyCamera.m in Sources */,
				07B9B79E26C776A2005B9647 /* BaseViewController.m in Sources */,
				07B9B79926C77506005B9647 /* DIYCameraViewController.m in Sources */,
			);
			runOnlyForDeploymentPostprocessing = 0;
		};
		07B9B76426C772A0005B9647 /* Sources */ = {
			isa = PBXSourcesBuildPhase;
			buildActionMask = 2147483647;
			files = (
				07B9B76D26C772A0005B9647 /* DIYCameraTests.m in Sources */,
			);
			runOnlyForDeploymentPostprocessing = 0;
		};
		07B9B76F26C772A0005B9647 /* Sources */ = {
			isa = PBXSourcesBuildPhase;
			buildActionMask = 2147483647;
			files = (
				07B9B77826C772A0005B9647 /* DIYCameraUITests.m in Sources */,
			);
			runOnlyForDeploymentPostprocessing = 0;
		};
/* End PBXSourcesBuildPhase section */

/* Begin PBXTargetDependency section */
		07B9B76A26C772A0005B9647 /* PBXTargetDependency */ = {
			isa = PBXTargetDependency;
			target = 07B9B74C26C7729F005B9647 /* DIYCamera */;
			targetProxy = 07B9B76926C772A0005B9647 /* PBXContainerItemProxy */;
		};
		07B9B77526C772A0005B9647 /* PBXTargetDependency */ = {
			isa = PBXTargetDependency;
			target = 07B9B74C26C7729F005B9647 /* DIYCamera */;
			targetProxy = 07B9B77426C772A0005B9647 /* PBXContainerItemProxy */;
		};
/* End PBXTargetDependency section */

/* Begin PBXVariantGroup section */
		07B9B75926C7729F005B9647 /* Main.storyboard */ = {
			isa = PBXVariantGroup;
			children = (
				07B9B75A26C7729F005B9647 /* Base */,
			);
			name = Main.storyboard;
			sourceTree = "<group>";
		};
		07B9B75E26C772A0005B9647 /* LaunchScreen.storyboard */ = {
			isa = PBXVariantGroup;
			children = (
				07B9B75F26C772A0005B9647 /* Base */,
			);
			name = LaunchScreen.storyboard;
			sourceTree = "<group>";
		};
/* End PBXVariantGroup section */

/* Begin XCBuildConfiguration section */
		07B9B77A26C772A0005B9647 /* Debug */ = {
			isa = XCBuildConfiguration;
			buildSettings = {
				ALWAYS_SEARCH_USER_PATHS = NO;
				CLANG_ANALYZER_NONNULL = YES;
				CLANG_ANALYZER_NUMBER_OBJECT_CONVERSION = YES_AGGRESSIVE;
				CLANG_CXX_LANGUAGE_STANDARD = "gnu++14";
				CLANG_CXX_LIBRARY = "libc++";
				CLANG_ENABLE_MODULES = YES;
				CLANG_ENABLE_OBJC_ARC = YES;
				CLANG_ENABLE_OBJC_WEAK = YES;
				CLANG_WARN_BLOCK_CAPTURE_AUTORELEASING = YES;
				CLANG_WARN_BOOL_CONVERSION = YES;
				CLANG_WARN_COMMA = YES;
				CLANG_WARN_CONSTANT_CONVERSION = YES;
				CLANG_WARN_DEPRECATED_OBJC_IMPLEMENTATIONS = YES;
				CLANG_WARN_DIRECT_OBJC_ISA_USAGE = YES_ERROR;
				CLANG_WARN_DOCUMENTATION_COMMENTS = YES;
				CLANG_WARN_EMPTY_BODY = YES;
				CLANG_WARN_ENUM_CONVERSION = YES;
				CLANG_WARN_INFINITE_RECURSION = YES;
				CLANG_WARN_INT_CONVERSION = YES;
				CLANG_WARN_NON_LITERAL_NULL_CONVERSION = YES;
				CLANG_WARN_OBJC_IMPLICIT_RETAIN_SELF = YES;
				CLANG_WARN_OBJC_LITERAL_CONVERSION = YES;
				CLANG_WARN_OBJC_ROOT_CLASS = YES_ERROR;
				CLANG_WARN_QUOTED_INCLUDE_IN_FRAMEWORK_HEADER = YES;
				CLANG_WARN_RANGE_LOOP_ANALYSIS = YES;
				CLANG_WARN_STRICT_PROTOTYPES = YES;
				CLANG_WARN_SUSPICIOUS_MOVE = YES;
				CLANG_WARN_UNGUARDED_AVAILABILITY = YES_AGGRESSIVE;
				CLANG_WARN_UNREACHABLE_CODE = YES;
				CLANG_WARN__DUPLICATE_METHOD_MATCH = YES;
				COPY_PHASE_STRIP = NO;
				DEBUG_INFORMATION_FORMAT = dwarf;
				ENABLE_STRICT_OBJC_MSGSEND = YES;
				ENABLE_TESTABILITY = YES;
				GCC_C_LANGUAGE_STANDARD = gnu11;
				GCC_DYNAMIC_NO_PIC = NO;
				GCC_NO_COMMON_BLOCKS = YES;
				GCC_OPTIMIZATION_LEVEL = 0;
				GCC_PREPROCESSOR_DEFINITIONS = (
					"DEBUG=1",
					"$(inherited)",
				);
				GCC_WARN_64_TO_32_BIT_CONVERSION = YES;
				GCC_WARN_ABOUT_RETURN_TYPE = YES_ERROR;
				GCC_WARN_UNDECLARED_SELECTOR = YES;
				GCC_WARN_UNINITIALIZED_AUTOS = YES_AGGRESSIVE;
				GCC_WARN_UNUSED_FUNCTION = YES;
				GCC_WARN_UNUSED_VARIABLE = YES;
				IPHONEOS_DEPLOYMENT_TARGET = 9.0;
				MTL_ENABLE_DEBUG_INFO = INCLUDE_SOURCE;
				MTL_FAST_MATH = YES;
				ONLY_ACTIVE_ARCH = YES;
				SDKROOT = iphoneos;
			};
			name = Debug;
		};
		07B9B77B26C772A0005B9647 /* Release */ = {
			isa = XCBuildConfiguration;
			buildSettings = {
				ALWAYS_SEARCH_USER_PATHS = NO;
				CLANG_ANALYZER_NONNULL = YES;
				CLANG_ANALYZER_NUMBER_OBJECT_CONVERSION = YES_AGGRESSIVE;
				CLANG_CXX_LANGUAGE_STANDARD = "gnu++14";
				CLANG_CXX_LIBRARY = "libc++";
				CLANG_ENABLE_MODULES = YES;
				CLANG_ENABLE_OBJC_ARC = YES;
				CLANG_ENABLE_OBJC_WEAK = YES;
				CLANG_WARN_BLOCK_CAPTURE_AUTORELEASING = YES;
				CLANG_WARN_BOOL_CONVERSION = YES;
				CLANG_WARN_COMMA = YES;
				CLANG_WARN_CONSTANT_CONVERSION = YES;
				CLANG_WARN_DEPRECATED_OBJC_IMPLEMENTATIONS = YES;
				CLANG_WARN_DIRECT_OBJC_ISA_USAGE = YES_ERROR;
				CLANG_WARN_DOCUMENTATION_COMMENTS = YES;
				CLANG_WARN_EMPTY_BODY = YES;
				CLANG_WARN_ENUM_CONVERSION = YES;
				CLANG_WARN_INFINITE_RECURSION = YES;
				CLANG_WARN_INT_CONVERSION = YES;
				CLANG_WARN_NON_LITERAL_NULL_CONVERSION = YES;
				CLANG_WARN_OBJC_IMPLICIT_RETAIN_SELF = YES;
				CLANG_WARN_OBJC_LITERAL_CONVERSION = YES;
				CLANG_WARN_OBJC_ROOT_CLASS = YES_ERROR;
				CLANG_WARN_QUOTED_INCLUDE_IN_FRAMEWORK_HEADER = YES;
				CLANG_WARN_RANGE_LOOP_ANALYSIS = YES;
				CLANG_WARN_STRICT_PROTOTYPES = YES;
				CLANG_WARN_SUSPICIOUS_MOVE = YES;
				CLANG_WARN_UNGUARDED_AVAILABILITY = YES_AGGRESSIVE;
				CLANG_WARN_UNREACHABLE_CODE = YES;
				CLANG_WARN__DUPLICATE_METHOD_MATCH = YES;
				COPY_PHASE_STRIP = NO;
				DEBUG_INFORMATION_FORMAT = "dwarf-with-dsym";
				ENABLE_NS_ASSERTIONS = NO;
				ENABLE_STRICT_OBJC_MSGSEND = YES;
				GCC_C_LANGUAGE_STANDARD = gnu11;
				GCC_NO_COMMON_BLOCKS = YES;
				GCC_WARN_64_TO_32_BIT_CONVERSION = YES;
				GCC_WARN_ABOUT_RETURN_TYPE = YES_ERROR;
				GCC_WARN_UNDECLARED_SELECTOR = YES;
				GCC_WARN_UNINITIALIZED_AUTOS = YES_AGGRESSIVE;
				GCC_WARN_UNUSED_FUNCTION = YES;
				GCC_WARN_UNUSED_VARIABLE = YES;
				IPHONEOS_DEPLOYMENT_TARGET = 9.0;
				MTL_ENABLE_DEBUG_INFO = NO;
				MTL_FAST_MATH = YES;
				SDKROOT = iphoneos;
				VALIDATE_PRODUCT = YES;
			};
			name = Release;
		};
		07B9B77D26C772A0005B9647 /* Debug */ = {
			isa = XCBuildConfiguration;
			baseConfigurationReference = A5C168F9B288DD03F075DADB /* Pods-DIYCamera.debug.xcconfig */;
			buildSettings = {
				ASSETCATALOG_COMPILER_APPICON_NAME = AppIcon;
				ASSETCATALOG_COMPILER_GLOBAL_ACCENT_COLOR_NAME = AccentColor;
				CODE_SIGN_STYLE = Automatic;
				DEVELOPMENT_TEAM = GPNCPS9RXB;
				INFOPLIST_FILE = DIYCamera/Info.plist;
				LD_RUNPATH_SEARCH_PATHS = (
					"$(inherited)",
					"@executable_path/Frameworks",
				);
				PRODUCT_BUNDLE_IDENTIFIER = com.billy.camera.DIYCamera;
				PRODUCT_NAME = "$(TARGET_NAME)";
				TARGETED_DEVICE_FAMILY = "1,2";
			};
			name = Debug;
		};
		07B9B77E26C772A0005B9647 /* Release */ = {
			isa = XCBuildConfiguration;
			baseConfigurationReference = 91DF8FAFEDBE66C6F602F97E /* Pods-DIYCamera.release.xcconfig */;
			buildSettings = {
				ASSETCATALOG_COMPILER_APPICON_NAME = AppIcon;
				ASSETCATALOG_COMPILER_GLOBAL_ACCENT_COLOR_NAME = AccentColor;
				CODE_SIGN_STYLE = Automatic;
				DEVELOPMENT_TEAM = GPNCPS9RXB;
				INFOPLIST_FILE = DIYCamera/Info.plist;
				LD_RUNPATH_SEARCH_PATHS = (
					"$(inherited)",
					"@executable_path/Frameworks",
				);
				PRODUCT_BUNDLE_IDENTIFIER = com.billy.camera.DIYCamera;
				PRODUCT_NAME = "$(TARGET_NAME)";
				TARGETED_DEVICE_FAMILY = "1,2";
			};
			name = Release;
		};
		07B9B78026C772A0005B9647 /* Debug */ = {
			isa = XCBuildConfiguration;
			buildSettings = {
				BUNDLE_LOADER = "$(TEST_HOST)";
				CODE_SIGN_STYLE = Automatic;
				DEVELOPMENT_TEAM = GPNCPS9RXB;
				INFOPLIST_FILE = DIYCameraTests/Info.plist;
				IPHONEOS_DEPLOYMENT_TARGET = 14.5;
				LD_RUNPATH_SEARCH_PATHS = (
					"$(inherited)",
					"@executable_path/Frameworks",
					"@loader_path/Frameworks",
				);
				PRODUCT_BUNDLE_IDENTIFIER = com.billy.camera.DIYCameraTests;
				PRODUCT_NAME = "$(TARGET_NAME)";
				TARGETED_DEVICE_FAMILY = "1,2";
				TEST_HOST = "$(BUILT_PRODUCTS_DIR)/DIYCamera.app/DIYCamera";
			};
			name = Debug;
		};
		07B9B78126C772A0005B9647 /* Release */ = {
			isa = XCBuildConfiguration;
			buildSettings = {
				BUNDLE_LOADER = "$(TEST_HOST)";
				CODE_SIGN_STYLE = Automatic;
				DEVELOPMENT_TEAM = GPNCPS9RXB;
				INFOPLIST_FILE = DIYCameraTests/Info.plist;
				IPHONEOS_DEPLOYMENT_TARGET = 14.5;
				LD_RUNPATH_SEARCH_PATHS = (
					"$(inherited)",
					"@executable_path/Frameworks",
					"@loader_path/Frameworks",
				);
				PRODUCT_BUNDLE_IDENTIFIER = com.billy.camera.DIYCameraTests;
				PRODUCT_NAME = "$(TARGET_NAME)";
				TARGETED_DEVICE_FAMILY = "1,2";
				TEST_HOST = "$(BUILT_PRODUCTS_DIR)/DIYCamera.app/DIYCamera";
			};
			name = Release;
		};
		07B9B78326C772A0005B9647 /* Debug */ = {
			isa = XCBuildConfiguration;
			buildSettings = {
				CODE_SIGN_STYLE = Automatic;
				DEVELOPMENT_TEAM = GPNCPS9RXB;
				INFOPLIST_FILE = DIYCameraUITests/Info.plist;
				LD_RUNPATH_SEARCH_PATHS = (
					"$(inherited)",
					"@executable_path/Frameworks",
					"@loader_path/Frameworks",
				);
				PRODUCT_BUNDLE_IDENTIFIER = com.billy.camera.DIYCameraUITests;
				PRODUCT_NAME = "$(TARGET_NAME)";
				TARGETED_DEVICE_FAMILY = "1,2";
				TEST_TARGET_NAME = DIYCamera;
			};
			name = Debug;
		};
		07B9B78426C772A0005B9647 /* Release */ = {
			isa = XCBuildConfiguration;
			buildSettings = {
				CODE_SIGN_STYLE = Automatic;
				DEVELOPMENT_TEAM = GPNCPS9RXB;
				INFOPLIST_FILE = DIYCameraUITests/Info.plist;
				LD_RUNPATH_SEARCH_PATHS = (
					"$(inherited)",
					"@executable_path/Frameworks",
					"@loader_path/Frameworks",
				);
				PRODUCT_BUNDLE_IDENTIFIER = com.billy.camera.DIYCameraUITests;
				PRODUCT_NAME = "$(TARGET_NAME)";
				TARGETED_DEVICE_FAMILY = "1,2";
				TEST_TARGET_NAME = DIYCamera;
			};
			name = Release;
		};
/* End XCBuildConfiguration section */

/* Begin XCConfigurationList section */
		07B9B74826C7729F005B9647 /* Build configuration list for PBXProject "DIYCamera" */ = {
			isa = XCConfigurationList;
			buildConfigurations = (
				07B9B77A26C772A0005B9647 /* Debug */,
				07B9B77B26C772A0005B9647 /* Release */,
			);
			defaultConfigurationIsVisible = 0;
			defaultConfigurationName = Release;
		};
		07B9B77C26C772A0005B9647 /* Build configuration list for PBXNativeTarget "DIYCamera" */ = {
			isa = XCConfigurationList;
			buildConfigurations = (
				07B9B77D26C772A0005B9647 /* Debug */,
				07B9B77E26C772A0005B9647 /* Release */,
			);
			defaultConfigurationIsVisible = 0;
			defaultConfigurationName = Release;
		};
		07B9B77F26C772A0005B9647 /* Build configuration list for PBXNativeTarget "DIYCameraTests" */ = {
			isa = XCConfigurationList;
			buildConfigurations = (
				07B9B78026C772A0005B9647 /* Debug */,
				07B9B78126C772A0005B9647 /* Release */,
			);
			defaultConfigurationIsVisible = 0;
			defaultConfigurationName = Release;
		};
		07B9B78226C772A0005B9647 /* Build configuration list for PBXNativeTarget "DIYCameraUITests" */ = {
			isa = XCConfigurationList;
			buildConfigurations = (
				07B9B78326C772A0005B9647 /* Debug */,
				07B9B78426C772A0005B9647 /* Release */,
			);
			defaultConfigurationIsVisible = 0;
			defaultConfigurationName = Release;
		};
/* End XCConfigurationList section */
	};
	rootObject = 07B9B74526C7729F005B9647 /* Project object */;
}
